{
    "_readme": [
        "This file locks the dependencies of your project to a known state",
        "Read more about it at https://getcomposer.org/doc/01-basic-usage.md#installing-dependencies",
        "This file is @generated automatically"
    ],
    "content-hash": "376c0b2d1911826ea48b22f3f52ec86d",
    "packages": [
        {
            "name": "lcobucci/jwt",
            "version": "3.2.4",
            "source": {
                "type": "git",
                "url": "https://github.com/lcobucci/jwt.git",
                "reference": "c9704b751315d21735dc98d78d4f37bd73596da7"
            },
            "dist": {
                "type": "zip",
                "url": "https://api.github.com/repos/lcobucci/jwt/zipball/c9704b751315d21735dc98d78d4f37bd73596da7",
                "reference": "c9704b751315d21735dc98d78d4f37bd73596da7",
                "shasum": ""
            },
            "require": {
                "ext-openssl": "*",
                "php": ">=5.5"
            },
            "require-dev": {
                "mdanter/ecc": "~0.3.1",
                "mikey179/vfsstream": "~1.5",
                "phpmd/phpmd": "~2.2",
                "phpunit/php-invoker": "~1.1",
                "phpunit/phpunit": "~4.5",
                "squizlabs/php_codesniffer": "~2.3"
            },
            "suggest": {
                "mdanter/ecc": "Required to use Elliptic Curves based algorithms."
            },
            "type": "library",
            "extra": {
                "branch-alias": {
                    "dev-master": "3.1-dev"
                }
            },
            "autoload": {
                "psr-4": {
                    "Lcobucci\\JWT\\": "src"
                }
            },
            "notification-url": "https://packagist.org/downloads/",
            "license": [
                "BSD-3-Clause"
            ],
            "authors": [
                {
                    "name": "Luís Otávio Cobucci Oblonczyk",
                    "email": "lcobucci@gmail.com",
                    "role": "Developer"
                }
            ],
            "description": "A simple library to work with JSON Web Token and JSON Web Signature",
            "keywords": [
                "JWS",
                "jwt"
            ],
            "time": "2018-08-03T11:23:50+00:00"
        },
        {
            "name": "respect/validation",
            "version": "1.1.22",
            "source": {
                "type": "git",
                "url": "https://github.com/Respect/Validation.git",
                "reference": "19d6ec893994912d21b390c43d287816ab070772"
            },
            "dist": {
                "type": "zip",
                "url": "https://api.github.com/repos/Respect/Validation/zipball/19d6ec893994912d21b390c43d287816ab070772",
                "reference": "19d6ec893994912d21b390c43d287816ab070772",
                "shasum": ""
            },
            "require": {
                "php": ">=5.4",
                "symfony/polyfill-mbstring": "^1.2"
            },
            "require-dev": {
                "egulias/email-validator": "~1.2",
                "mikey179/vfsstream": "^1.5",
                "phpunit/phpunit": "~4.0",
                "symfony/validator": "~2.6.9",
                "zendframework/zend-validator": "~2.3"
            },
            "suggest": {
                "egulias/email-validator": "Strict (RFC compliant) email validation",
                "ext-bcmath": "Arbitrary Precision Mathematics",
                "ext-mbstring": "Multibyte String Functions",
                "friendsofphp/php-cs-fixer": "Fix PSR2 and other coding style issues",
                "symfony/validator": "Use Symfony validator through Respect\\Validation",
                "zendframework/zend-validator": "Use Zend Framework validator through Respect\\Validation"
            },
            "type": "library",
            "extra": {
                "branch-alias": {
                    "dev-master": "1.1-dev"
                }
            },
            "autoload": {
                "psr-4": {
                    "Respect\\Validation\\": "library/"
                }
            },
            "notification-url": "https://packagist.org/downloads/",
            "license": [
                "BSD Style"
            ],
            "authors": [
                {
                    "name": "Respect/Validation Contributors",
                    "homepage": "https://github.com/Respect/Validation/graphs/contributors"
                }
            ],
            "description": "The most awesome validation engine ever created for PHP",
            "homepage": "http://respect.github.io/Validation/",
            "keywords": [
                "respect",
                "validation",
                "validator"
            ],
            "time": "2018-08-01T13:06:54+00:00"
        },
        {
            "name": "sciactive/hookphp",
            "version": "2.0.2",
            "source": {
                "type": "git",
                "url": "https://github.com/sciactive/hookphp.git",
                "reference": "adde48e776bd98d01a639c9bccff0fbca0cea6d6"
            },
            "dist": {
                "type": "zip",
                "url": "https://api.github.com/repos/sciactive/hookphp/zipball/adde48e776bd98d01a639c9bccff0fbca0cea6d6",
                "reference": "adde48e776bd98d01a639c9bccff0fbca0cea6d6",
                "shasum": ""
            },
            "require": {
                "php": "~7.0"
            },
            "require-dev": {
                "phpunit/phpunit": "^6.1"
            },
            "type": "library",
            "autoload": {
                "psr-0": {
                    "SciActive\\": "src/"
                },
                "psr-4": {
                    "SciActive\\": "src/"
                }
            },
            "notification-url": "https://packagist.org/downloads/",
            "license": [
                "Apache-2.0"
            ],
            "authors": [
                {
                    "name": "Hunter Perrin",
                    "email": "hunter@sciactive.com",
                    "homepage": "https://github.com/hperrin",
                    "role": "Developer"
                }
            ],
            "description": "Method hooking in PHP.",
            "homepage": "http://hookphp.org/",
            "keywords": [
                "HOOK",
                "interception",
                "method hooking"
            ],
            "time": "2017-10-24T00:00:00+00:00"
        },
        {
            "name": "sciactive/nymph-server",
            "version": "3.0.0-beta.18",
            "source": {
                "type": "git",
                "url": "https://github.com/sciactive/nymph-server.git",
                "reference": "9414fd7f754d4a4890f88ac4a66e9339d817d269"
            },
            "dist": {
                "type": "zip",
                "url": "https://api.github.com/repos/sciactive/nymph-server/zipball/9414fd7f754d4a4890f88ac4a66e9339d817d269",
                "reference": "9414fd7f754d4a4890f88ac4a66e9339d817d269",
                "shasum": ""
            },
            "require-dev": {
                "phpunit/phpunit": "^7.1",
                "sciactive/hookphp": "~2.0.2",
                "squizlabs/php_codesniffer": "3.*"
            },
            "type": "library",
            "autoload": {
                "psr-0": {
                    "Nymph\\": "src/"
                },
                "psr-4": {
                    "Nymph\\": "src/"
                }
            },
            "notification-url": "https://packagist.org/downloads/",
            "license": [
                "Apache-2.0"
            ],
            "authors": [
                {
                    "name": "Hunter Perrin",
                    "email": "hunter@sciactive.com",
                    "homepage": "https://github.com/hperrin",
                    "role": "Developer"
                }
            ],
            "description": "Powerful object data storage and querying for collaborative web apps.",
            "homepage": "http://nymph.io/",
            "keywords": [
                "Object Relational Mapping",
                "Object relational mapper",
                "mysql",
                "object data store",
                "object database",
                "orm",
                "postgres",
                "postgresql"
            ],
            "time": "2018-08-07T00:00:00+00:00"
        },
        {
            "name": "sciactive/umailphp",
            "version": "2.4.0",
            "source": {
                "type": "git",
                "url": "https://github.com/sciactive/umailphp.git",
                "reference": "4a2db7283e0f58e004a2261e818c3b08f45b5547"
            },
            "dist": {
                "type": "zip",
                "url": "https://api.github.com/repos/sciactive/umailphp/zipball/4a2db7283e0f58e004a2261e818c3b08f45b5547",
                "reference": "4a2db7283e0f58e004a2261e818c3b08f45b5547",
                "shasum": ""
            },
            "require": {
                "sciactive/nymph-server": "^3.0@beta"
            },
            "type": "library",
            "autoload": {
                "psr-0": {
                    "uMailPHP\\": "src/"
                },
                "psr-4": {
                    "uMailPHP\\": "src/"
                }
            },
            "notification-url": "https://packagist.org/downloads/",
            "license": [
                "Apache-2.0"
            ],
            "authors": [
                {
                    "name": "Hunter Perrin",
                    "email": "hunter@sciactive.com",
                    "homepage": "https://github.com/hperrin",
                    "role": "Developer"
                }
            ],
            "description": "An email templating system for Nymph.",
            "homepage": "http://umailphp.org/",
            "keywords": [
                "email",
                "templating"
            ],
            "time": "2018-05-14T00:00:00+00:00"
        },
        {
            "name": "symfony/polyfill-mbstring",
            "version": "v1.9.0",
            "source": {
                "type": "git",
                "url": "https://github.com/symfony/polyfill-mbstring.git",
                "reference": "d0cd638f4634c16d8df4508e847f14e9e43168b8"
            },
            "dist": {
                "type": "zip",
                "url": "https://api.github.com/repos/symfony/polyfill-mbstring/zipball/d0cd638f4634c16d8df4508e847f14e9e43168b8",
                "reference": "d0cd638f4634c16d8df4508e847f14e9e43168b8",
                "shasum": ""
            },
            "require": {
                "php": ">=5.3.3"
            },
            "suggest": {
                "ext-mbstring": "For best performance"
            },
            "type": "library",
            "extra": {
                "branch-alias": {
                    "dev-master": "1.9-dev"
                }
            },
            "autoload": {
                "psr-4": {
                    "Symfony\\Polyfill\\Mbstring\\": ""
                },
                "files": [
                    "bootstrap.php"
                ]
            },
            "notification-url": "https://packagist.org/downloads/",
            "license": [
                "MIT"
            ],
            "authors": [
                {
                    "name": "Nicolas Grekas",
                    "email": "p@tchwork.com"
                },
                {
                    "name": "Symfony Community",
                    "homepage": "https://symfony.com/contributors"
                }
            ],
            "description": "Symfony polyfill for the Mbstring extension",
            "homepage": "https://symfony.com",
            "keywords": [
                "compatibility",
                "mbstring",
                "polyfill",
                "portable",
                "shim"
            ],
            "time": "2018-08-06T14:22:27+00:00"
        }
    ],
    "packages-dev": [
        {
            "name": "squizlabs/php_codesniffer",
            "version": "3.3.1",
            "source": {
                "type": "git",
                "url": "https://github.com/squizlabs/PHP_CodeSniffer.git",
                "reference": "628a481780561150481a9ec74709092b9759b3ec"
            },
            "dist": {
                "type": "zip",
                "url": "https://api.github.com/repos/squizlabs/PHP_CodeSniffer/zipball/628a481780561150481a9ec74709092b9759b3ec",
                "reference": "628a481780561150481a9ec74709092b9759b3ec",
                "shasum": ""
            },
            "require": {
                "ext-simplexml": "*",
                "ext-tokenizer": "*",
                "ext-xmlwriter": "*",
                "php": ">=5.4.0"
            },
            "require-dev": {
                "phpunit/phpunit": "^4.0 || ^5.0 || ^6.0 || ^7.0"
            },
            "bin": [
                "bin/phpcs",
                "bin/phpcbf"
            ],
            "type": "library",
            "extra": {
                "branch-alias": {
                    "dev-master": "3.x-dev"
                }
            },
            "notification-url": "https://packagist.org/downloads/",
            "license": [
                "BSD-3-Clause"
            ],
            "authors": [
                {
                    "name": "Greg Sherwood",
                    "role": "lead"
                }
            ],
            "description": "PHP_CodeSniffer tokenizes PHP, JavaScript and CSS files and detects violations of a defined set of coding standards.",
            "homepage": "http://www.squizlabs.com/php-codesniffer",
            "keywords": [
                "phpcs",
                "standards"
            ],
            "time": "2018-07-26T23:47:18+00:00"
        }
    ],
    "aliases": [],
    "minimum-stability": "beta",
    "stability-flags": {
        "sciactive/nymph-server": 10
    },
    "prefer-stable": false,
    "prefer-lowest": false,
    "platform": [],
    "platform-dev": []
}
